
Microsoft Visual Studio Solution File, Format Version 12.00
# Visual Studio Version 16
VisualStudioVersion = 16.0.28803.156
MinimumVisualStudioVersion = 10.0.40219.1
Project("{9A19103F-16F7-4668-BE54-9A1E7A4F7556}") = "VinilApp.RestApi", "VinilApp.RestApi\VinilApp.RestApi.csproj", "{BAA0593B-35BA-4FD3-8FE2-056EAC9BE9DA}"
EndProject
Project("{9A19103F-16F7-4668-BE54-9A1E7A4F7556}") = "VinilApp.Test", "VinilApp.Test\VinilApp.Test.csproj", "{168C87A9-A8DE-4A82-A1CC-05B3C74310DD}"
EndProject
Global
	GlobalSection(SolutionConfigurationPlatforms) = preSolution
		Debug|Any CPU = Debug|Any CPU
		Release|Any CPU = Release|Any CPU
	EndGlobalSection
	GlobalSection(ProjectConfigurationPlatforms) = postSolution
		{BAA0593B-35BA-4FD3-8FE2-056EAC9BE9DA}.Debug|Any CPU.ActiveCfg = Debug|Any CPU
		{BAA0593B-35BA-4FD3-8FE2-056EAC9BE9DA}.Debug|Any CPU.Build.0 = Debug|Any CPU
		{BAA0593B-35BA-4FD3-8FE2-056EAC9BE9DA}.Release|Any CPU.ActiveCfg = Release|Any CPU
		{BAA0593B-35BA-4FD3-8FE2-056EAC9BE9DA}.Release|Any CPU.Build.0 = Release|Any CPU
		{168C87A9-A8DE-4A82-A1CC-05B3C74310DD}.Debug|Any CPU.ActiveCfg = Debug|Any CPU
		{168C87A9-A8DE-4A82-A1CC-05B3C74310DD}.Debug|Any CPU.Build.0 = Debug|Any CPU
		{168C87A9-A8DE-4A82-A1CC-05B3C74310DD}.Release|Any CPU.ActiveCfg = Release|Any CPU
		{168C87A9-A8DE-4A82-A1CC-05B3C74310DD}.Release|Any CPU.Build.0 = Release|Any CPU
	EndGlobalSection
	GlobalSection(SolutionProperties) = preSolution
		HideSolutionNode = FALSE
	EndGlobalSection
	GlobalSection(ExtensibilityGlobals) = postSolution
		SolutionGuid = {E96B0E5E-9B19-4199-89CF-8B2C8D34C8EA}
	EndGlobalSection
EndGlobal
